github.com/BurntSushi/toml v1.6.0 h1:dRaEfpa2VI55EwlIW72hMRHdWouJeRF7TPYhI+AUQjk=
github.com/BurntSushi/toml v1.6.0/go.mod h1:ukJfTF/6rtPPRCnwkur4qwRxa8vTRFBF0uk2lLoLwho=
github.com/aclements/go-moremath v0.0.0-20241023150245-c8bbc672ef66 h1:siNQlUMcFUDZWCOt0p+RHl7et5Nnwwyq/sFZmr4iG1I=
github.com/aclements/go-moremath v0.0.0-20241023150245-c8bbc672ef66/go.mod h1:FDw7qicTbJ1y1SZcNnOvym2BogPdC3lY9Z1iUM4MVhw=
github.com/alitto/pond v1.9.2 h1:9Qb75z/scEZVCoSU+osVmQ0I0JOeLfdTDafrbcJ8CLs=
github.com/alitto/pond v1.9.2/go.mod h1:xQn3P/sHTYcU/1BR3i86IGIrilcrGC2LiS+E2+CJWsI=
github.com/charlievieth/fastwalk v1.0.14 h1:3Eh5uaFGwHZd8EGwTjJnSpBkfwfsak9h6ICgnWlhAyg=
github.com/charlievieth/fastwalk v1.0.14/go.mod h1:diVcUreiU1aQ4/Wu3NbxxH4/KYdKpLDojrQ1Bb2KgNY=
github.com/coder/websocket v1.8.14 h1:9L0p0iKiNOibykf283eHkKUHHrpG7f65OE3BhhO7v9g=
github.com/coder/websocket v1.8.14/go.mod h1:NX3SzP+inril6yawo5CQXx8+fk145lPDC6pumgx0mVg=
github.com/cpuguy83/go-md2man/v2 v2.0.6/go.mod h1:oOW0eioCTA6cOiMLiUPZOpcVxMig6NIQQ7OS05n1F4g=
github.com/go-json-experiment/json v0.0.0-20260520185125-572e7c383686 h1:NZBJxCpbHS1gzS6xAmyxbJznosZIIPk9IB42v62UvKA=
github.com/go-json-experiment/json v0.0.0-20260520185125-572e7c383686/go.mod h1:tphK2c80bpPhMOI4v6bIc2xWywPfbqi1Z06+RcrMkDg=
github.com/go-quicktest/qt v1.102.0 h1:HSQxCeh5YZH3EL3W39ixjtyaEhcWSXQHtHnMBzSs474=
github.com/go-quicktest/qt v1.102.0/go.mod h1:p4lGIVX+8Wa6ZPNDvqcxq36XpUDLh42FLetFU7odllI=
github.com/golang-jwt/jwt/v5 v5.3.1 h1:kYf81DTWFe7t+1VvL7eS+jKFVWaUnK9cB1qbwn63YCY=
github.com/golang-jwt/jwt/v5 v5.3.1/go.mod h1:fxCRLWMO43lRc8nhHWY6LGqRcf+1gQWArsqaEUEa5bE=
github.com/google/go-cmp v0.7.0 h1:wk8382ETsv4JYUZwIsn6YpYiWiBsYLSJiTsyBybVuN8=
github.com/google/go-cmp v0.7.0/go.mod h1:pXiqmnSA92OHEEa9HXL2W4E7lf9JzCmGVUdgjX3N/iU=
github.com/google/jsonschema-go v0.4.3 h1:/DBOLZTfDow7pe2GmaJNhltueGTtDKICi8V8p+DQPd0=
github.com/google/jsonschema-go v0.4.3/go.mod h1:r5quNTdLOYEz95Ru18zA0ydNbBuYoo9tgaYcxEYhJVE=
github.com/inconshreveable/mousetrap v1.1.0 h1:wN+x4NVGpMsO7ErUn/mUI3vEoE6Jt13X2s0bqwp9tc8=
github.com/inconshreveable/mousetrap v1.1.0/go.mod h1:vpF70FUmC8bwa3OWnCshd2FqLfsEA9PFc4w1p2J65bw=
github.com/klauspost/asmfmt v1.3.2 h1:4Ri7ox3EwapiOjCki+hw14RyKk201CN4rzyCJRFLpK4=
github.com/klauspost/asmfmt v1.3.2/go.mod h1:AG8TuvYojzulgDAMCnYn50l/5QV3Bs/tp6j0HLHbNSE=
github.com/klauspost/cpuid/v2 v2.3.0 h1:S4CRMLnYUhGeDFDqkGriYKdfoFlDnMtqTiI/sFzhA9Y=
github.com/klauspost/cpuid/v2 v2.3.0/go.mod h1:hqwkgyIinND0mEev00jJYCxPNVRVXFQeu1XKlok6oO0=
github.com/kr/pretty v0.3.1 h1:flRD4NNwYAUpkphVc1HcthR4KEIFJ65n8Mw5qdRn3LE=
github.com/kr/pretty v0.3.1/go.mod h1:hoEshYVHaxMs3cyo3Yncou5ZscifuDolrwPKZanG3xk=
github.com/kr/text v0.2.0 h1:5Nx0Ya0ZqY2ygV366QzturHI13Jq95ApcVaJBhpS+AY=
github.com/kr/text v0.2.0/go.mod h1:eLer722TekiGuMkidMxC/pM04lWEeraHUUmBw8l2grE=
github.com/modelcontextprotocol/go-sdk v1.6.0 h1:PPLS3kn7WtOEnR+Af4X5H96SG0qSab8R/ZQT/HkhPkY=
github.com/modelcontextprotocol/go-sdk v1.6.0/go.mod h1:kzm3kzFL1/+AziGOE0nUs3gvPoNxMCvkxokMkuFapXQ=
github.com/rivo/uniseg v0.4.7 h1:WUdvkW8uEhrYfLC4ZzdpI2ztxP1I582+49Oc5Mq64VQ=
github.com/rivo/uniseg v0.4.7/go.mod h1:FN3SvrM+Zdj16jyLfmOkMNblXMcoc8DfTHruCPUcx88=
github.com/rogpeppe/go-internal v1.14.1 h1:UQB4HGPB6osV0SQTLymcB4TgvyWu6ZyliaW0tI/otEQ=
github.com/rogpeppe/go-internal v1.14.1/go.mod h1:MaRKkUm5W0goXpeCfT7UZI6fk/L7L7so1lCWt35ZSgc=
github.com/russross/blackfriday/v2 v2.1.0/go.mod h1:+Rmxgy9KzJVeS9/2gXHxylqXiyQDYRxCVz55jmeOWTM=
github.com/segmentio/asm v1.1.3 h1:WM03sfUOENvvKexOLp+pCqgb/WDjsi7EK8gIsICtzhc=
github.com/segmentio/asm v1.1.3/go.mod h1:Ld3L4ZXGNcSLRg4JBsZ3//1+f/TjYl0Mzen/DQy1EJg=
github.com/segmentio/encoding v0.5.4 h1:OW1VRern8Nw6ITAtwSZ7Idrl3MXCFwXHPgqESYfvNt0=
github.com/segmentio/encoding v0.5.4/go.mod h1:HS1ZKa3kSN32ZHVZ7ZLPLXWvOVIiZtyJnO1gPH1sKt0=
github.com/spf13/cobra v1.10.2 h1:DMTTonx5m65Ic0GOoRY2c16WCbHxOOw6xxezuLaBpcU=
github.com/spf13/cobra v1.10.2/go.mod h1:7C1pvHqHw5A4vrJfjNwvOdzYu0Gml16OCs2GRiTUUS4=
github.com/spf13/pflag v1.0.9 h1:9exaQaMOCwffKiiiYk6/BndUBv+iRViNW+4lEMi0PvY=
github.com/spf13/pflag v1.0.9/go.mod h1:McXfInJRrz4CZXVZOBLb0bTZqETkiAhM9Iw0y3An2Bg=
github.com/toml-lang/toml-test/v2 v2.2.0 h1:q3ELZu7oPnpl9TClC6OOcAccXwj+jwAyFP8WvzBdK1M=
github.com/toml-lang/toml-test/v2 v2.2.0/go.mod h1:TQdjhQItoZ0R+OODNiHUuxxxErtaE0Xsod2ENZbMvxI=
github.com/yosida95/uritemplate/v3 v3.0.2 h1:Ed3Oyj9yrmi9087+NczuL5BwkIc4wvTb5zIM+UJPGz4=
github.com/yosida95/uritemplate/v3 v3.0.2/go.mod h1:ILOh0sOhIJR3+L/8afwt/kE++YT040gmv5BQTMR2HP4=
github.com/zchee/goimports-rereviser/v4 v4.1.0 h1:EUUzWz5W/0nt39xQ+geYQW1pg6Pn+sE+Q1wl7KfqD4A=
github.com/zchee/goimports-rereviser/v4 v4.1.0/go.mod h1:wVyRWAl9QWy/5rjTRKraAijS41I7QDmc7nQkkZxFxGs=
github.com/zeebo/assert v1.3.0 h1:g7C04CbJuIDKNPFHmsk4hwZDO5O+kntRxzaUoNXj+IQ=
github.com/zeebo/assert v1.3.0/go.mod h1:Pq9JiuJQpG8JLJdtkwrJESF0Foym2/D9XMU5ciN/wJ0=
github.com/zeebo/xxh3 v1.1.0 h1:s7DLGDK45Dyfg7++yxI0khrfwq9661w9EN78eP/UZVs=
github.com/zeebo/xxh3 v1.1.0/go.mod h1:IisAie1LELR4xhVinxWS5+zf1lA4p0MW4T+w+W07F5s=
go.yaml.in/yaml/v3 v3.0.4/go.mod h1:DhzuOOF2ATzADvBadXxruRBLzYTpT36CKvDb3+aBEFg=
golang.org/x/mod v0.36.0 h1:JJjpVx6myfUsUdAzZuOSTTmRE0PfZeNWzzvKrP7amb4=
golang.org/x/mod v0.36.0/go.mod h1:moc6ELqsWcOw5Ef3xVprK5ul/MvtVvkIXLziUOICjUQ=
golang.org/x/oauth2 v0.36.0 h1:peZ/1z27fi9hUOFCAZaHyrpWG5lwe0RJEEEeH0ThlIs=
golang.org/x/oauth2 v0.36.0/go.mod h1:YDBUJMTkDnJS+A4BP4eZBjCqtokkg1hODuPjwiGPO7Q=
golang.org/x/perf v0.0.0-20260512194132-3cf34090a3db h1:1EdY5INjhh724sLDk1O/nIzRZ8wmHbmiF8K2cK/mNLw=
golang.org/x/perf v0.0.0-20260512194132-3cf34090a3db/go.mod h1:vtQ1uZI2nWugeUDAr4i3qjU4fqZ0yZYuruCC4FKahWE=
golang.org/x/sync v0.20.0 h1:e0PTpb7pjO8GAtTs2dQ6jYa5BWYlMuX047Dco/pItO4=
golang.org/x/sync v0.20.0/go.mod h1:9xrNwdLfx4jkKbNva9FpL6vEN7evnE43NNNJQ2LF3+0=
golang.org/x/sys v0.45.0 h1:dO4czNzziLiiXplLQgBCEpCvXQ3dnkn0SdaZSYdQ+FY=
golang.org/x/sys v0.45.0/go.mod h1:4GL1E5IUh+htKOUEOaiffhrAeqysfVGipDYzABqnCmw=
golang.org/x/tools v0.45.0 h1:18qN3FAooORvApf5XjCXgsuayZOEtXf6JK18I3+ONa8=
golang.org/x/tools v0.45.0/go.mod h1:LuUGqqaXcXMEFEruIVJVm5mgDD8vww/z/SR1gQ4uE/0=
gopkg.in/check.v1 v0.0.0-20161208181325-20d25e280405/go.mod h1:Co6ibVJAznAaIkqp8huTwlJQCZ016jof/cbN4VW5Yz0=
mvdan.cc/gofumpt v0.10.0 h1:yGGpRS2pBN2OQIi7b21IXknJna7faPkFaVfHLrN6Euo=
mvdan.cc/gofumpt v0.10.0/go.mod h1:sU2ElXHzOEmvoPqfutYG7uunlueR4K2T1JFml40SzP4=
zgo.at/jfmt v0.0.0-20260130232205-d030781d0fbb h1:M6Sfr3jJelhnHpN/2T5R82hQnTdYx49Vfw+8c2CRqck=
zgo.at/jfmt v0.0.0-20260130232205-d030781d0fbb/go.mod h1:H3+krRD7OXBhO+M5ZZIVTOS74QGASPZg4X2RZNOazYk=
zgo.at/runewidth v0.1.0 h1:ED4PzJpYJlZMDEkoz+iPKjb5NrwbKnWPXDMJlNlfk9g=
zgo.at/runewidth v0.1.0/go.mod h1:Ugl6FGPF5Ib/NRu2UAV2wVthEgYfEz51Bu/uyNbWZSw=
zgo.at/termtext v1.5.0 h1:4p9GVUDYUR8oWvpxOZsO5ZrNSkA99bp8gXNKxKj+Kl0=
zgo.at/termtext v1.5.0/go.mod h1:AcdAAiydkqSFadljJaEj9jv7bpyJxfQqGtPWyZCLenQ=
zgo.at/zli v0.0.0-20251226224229-7bb9a5cf3265 h1:lF6LBMPq3zp1y84toTcZNkeRHx1ioK3Kz0CLC7GbUjU=
zgo.at/zli v0.0.0-20251226224229-7bb9a5cf3265/go.mod h1:0jjx+AGEkWOOQ0NtzbMnpko+H2G+aTg8mfCKqoc/BuA=
zgo.at/zstd v0.0.0-20260423150213-85e323702691 h1:1vWm2J5kzwDDTR2es42Cu10MD4mCuPI6YyvAknq0j1Y=
zgo.at/zstd v0.0.0-20260423150213-85e323702691/go.mod h1:5vR5jYems3c7xfd8nHny5qMh67gbZwl8IockSF4pDSI=
